{
  "name": "languageguesser",
  "version": "1.0.0",
  "lockfileVersion": 2,
  "requires": true,
  "packages": {
    "": {
      "name": "languageguesser",
      "version": "1.0.0",
      "license": "ISC",
      "dependencies": {
        "franc": "^6.0.0",
        "langs": "^2.0.0"
      }
    },
    "node_modules/collapse-white-space": {
      "version": "2.1.0",
      "resolved": "https://registry.npmjs.org/collapse-white-space/-/collapse-white-space-2.1.0.tgz",
      "integrity": "sha512-loKTxY1zCOuG4j9f6EPnuyyYkf58RnhhWTvRoZEokgB+WbdXehfjFviyOVYkqzEWz1Q5kRiZdBYS5SwxbQYwzw==",
      "funding": {
        "type": "github",
        "url": "https://github.com/sponsors/wooorm"
      }
    },
    "node_modules/franc": {
      "version": "6.0.0",
      "resolved": "https://registry.npmjs.org/franc/-/franc-6.0.0.tgz",
      "integrity": "sha512-kkdxPegeNzYrvZK0IiQUdJySzFeZkdXFdz8aqe076LtTMSrZk+G9MNsYWhoYEL+mX94VZaftJaxOMx/vlMM9IQ==",
      "dependencies": {
        "trigram-utils": "^2.0.0"
      },
      "funding": {
        "type": "github",
        "url": "https://github.com/sponsors/wooorm"
      }
    },
    "node_modules/langs": {
      "version": "2.0.0",
      "resolved": "https://registry.npmjs.org/langs/-/langs-2.0.0.tgz",
      "integrity": "sha1-AMMs5IFSpJphRFC5uiYyq1igo2Q="
    },
    "node_modules/n-gram": {
      "version": "2.0.1",
      "resolved": "https://registry.npmjs.org/n-gram/-/n-gram-2.0.1.tgz",
      "integrity": "sha512-ECtaRCOsPvqdTMI7SAFVaPaHv1ofhGqstphMFDWF3yrOaJcFsaCTpTREjYaPYpMC1nzJdewuiqvYXGM9W+Radw==",
      "funding": {
        "type": "github",
        "url": "https://github.com/sponsors/wooorm"
      }
    },
    "node_modules/trigram-utils": {
      "version": "2.0.0",
      "resolved": "https://registry.npmjs.org/trigram-utils/-/trigram-utils-2.0.0.tgz",
      "integrity": "sha512-ss62Zy8WVu+oaR0FdzxXwzndVxe/MYwPulgkz003+bnS3EuaE6rFg7x229gkjuYro0C1RQwO7fa3st+OLqfukg==",
      "dependencies": {
        "collapse-white-space": "^2.0.0",
        "n-gram": "^2.0.0"
      },
      "funding": {
        "type": "github",
        "url": "https://github.com/sponsors/wooorm"
      }
    }
  },
  "dependencies": {
    "collapse-white-space": {
      "version": "2.1.0",
      "resolved": "https://registry.npmjs.org/collapse-white-space/-/collapse-white-space-2.1.0.tgz",
      "integrity": "sha512-loKTxY1zCOuG4j9f6EPnuyyYkf58RnhhWTvRoZEokgB+WbdXehfjFviyOVYkqzEWz1Q5kRiZdBYS5SwxbQYwzw=="
    },
    "franc": {
      "version": "6.0.0",
      "resolved": "https://registry.npmjs.org/franc/-/franc-6.0.0.tgz",
      "integrity": "sha512-kkdxPegeNzYrvZK0IiQUdJySzFeZkdXFdz8aqe076LtTMSrZk+G9MNsYWhoYEL+mX94VZaftJaxOMx/vlMM9IQ==",
      "requires": {
        "trigram-utils": "^2.0.0"
      }
    },
    "langs": {
      "version": "2.0.0",
      "resolved": "https://registry.npmjs.org/langs/-/langs-2.0.0.tgz",
      "integrity": "sha1-AMMs5IFSpJphRFC5uiYyq1igo2Q="
    },
    "n-gram": {
      "version": "2.0.1",
      "resolved": "https://registry.npmjs.org/n-gram/-/n-gram-2.0.1.tgz",
      "integrity": "sha512-ECtaRCOsPvqdTMI7SAFVaPaHv1ofhGqstphMFDWF3yrOaJcFsaCTpTREjYaPYpMC1nzJdewuiqvYXGM9W+Radw=="
    },
    "trigram-utils": {
      "version": "2.0.0",
      "resolved": "https://registry.npmjs.org/trigram-utils/-/trigram-utils-2.0.0.tgz",
      "integrity": "sha512-ss62Zy8WVu+oaR0FdzxXwzndVxe/MYwPulgkz003+bnS3EuaE6rFg7x229gkjuYro0C1RQwO7fa3st+OLqfukg==",
      "requires": {
        "collapse-white-space": "^2.0.0",
        "n-gram": "^2.0.0"
      }
    }
  }
}
